
Microsoft Visual Studio Solution File, Format Version 12.00
# Visual Studio 14
VisualStudioVersion = 14.0.25420.1
MinimumVisualStudioVersion = 10.0.40219.1
Project("{2150E333-8FDC-42A3-9474-1A3956D46DE8}") = "Compiler", "Compiler", "{AAEA0256-8EF0-470F-90CD-8A0960A5CAE2}"
EndProject
Project("{2150E333-8FDC-42A3-9474-1A3956D46DE8}") = "Solution Items", "Solution Items", "{4C4B2CD2-1C98-4057-81AC-1CD98E34DE67}"
	ProjectSection(SolutionItems) = preProject
		FxSheet.cf = FxSheet.cf
	EndProjectSection
EndProject
Project("{2150E333-8FDC-42A3-9474-1A3956D46DE8}") = "Test", "Test", "{44BA7F4A-D745-4419-8B07-D1EDC23D50E7}"
EndProject
Project("{2150E333-8FDC-42A3-9474-1A3956D46DE8}") = "Source", "Source", "{F50A0A93-91AC-4735-AB16-11C2FEA31A00}"
EndProject
Project("{F2A71F9B-5D33-465A-A702-920D77279786}") = "AST", "Source\Compiler\AST\AST.fsproj", "{CE7C1CE5-A81C-4B98-9E6A-F776497514DE}"
EndProject
Project("{F2A71F9B-5D33-465A-A702-920D77279786}") = "Compiler", "Source\Compiler\Compiler\Compiler.fsproj", "{01AE255E-570F-40B6-A429-006DE5775D0E}"
EndProject
Project("{F2A71F9B-5D33-465A-A702-920D77279786}") = "ILCompiler", "Source\Compiler\ILCompiler\ILCompiler.fsproj", "{FBBC6B1A-0AED-4702-B44B-6E7D3E10F0F5}"
EndProject
Project("{F2A71F9B-5D33-465A-A702-920D77279786}") = "Parser", "Source\Compiler\Parser\Parser.fsproj", "{692C7F42-8CEF-44BA-880D-843280A68A9E}"
EndProject
Project("{F2A71F9B-5D33-465A-A702-920D77279786}") = "FxSheet", "Source\FxSheet\FxSheet.fsproj", "{C7E7053A-F0C7-4815-8860-48270256F455}"
EndProject
Project("{F2A71F9B-5D33-465A-A702-920D77279786}") = "ParserTest", "Test\ParserTest\ParserTest.fsproj", "{C5F0E0CE-DF38-4759-926D-6CD605CE05AC}"
EndProject
Global
	GlobalSection(SolutionConfigurationPlatforms) = preSolution
		Debug|Any CPU = Debug|Any CPU
		Debug|x64 = Debug|x64
		Debug|x86 = Debug|x86
		Release|Any CPU = Release|Any CPU
		Release|x64 = Release|x64
		Release|x86 = Release|x86
	EndGlobalSection
	GlobalSection(ProjectConfigurationPlatforms) = postSolution
		{CE7C1CE5-A81C-4B98-9E6A-F776497514DE}.Debug|Any CPU.ActiveCfg = Debug|Any CPU
		{CE7C1CE5-A81C-4B98-9E6A-F776497514DE}.Debug|Any CPU.Build.0 = Debug|Any CPU
		{CE7C1CE5-A81C-4B98-9E6A-F776497514DE}.Debug|x64.ActiveCfg = Debug|Any CPU
		{CE7C1CE5-A81C-4B98-9E6A-F776497514DE}.Debug|x64.Build.0 = Debug|Any CPU
		{CE7C1CE5-A81C-4B98-9E6A-F776497514DE}.Debug|x86.ActiveCfg = Debug|Any CPU
		{CE7C1CE5-A81C-4B98-9E6A-F776497514DE}.Debug|x86.Build.0 = Debug|Any CPU
		{CE7C1CE5-A81C-4B98-9E6A-F776497514DE}.Release|Any CPU.ActiveCfg = Release|Any CPU
		{CE7C1CE5-A81C-4B98-9E6A-F776497514DE}.Release|Any CPU.Build.0 = Release|Any CPU
		{CE7C1CE5-A81C-4B98-9E6A-F776497514DE}.Release|x64.ActiveCfg = Release|Any CPU
		{CE7C1CE5-A81C-4B98-9E6A-F776497514DE}.Release|x64.Build.0 = Release|Any CPU
		{CE7C1CE5-A81C-4B98-9E6A-F776497514DE}.Release|x86.ActiveCfg = Release|Any CPU
		{CE7C1CE5-A81C-4B98-9E6A-F776497514DE}.Release|x86.Build.0 = Release|Any CPU
		{01AE255E-570F-40B6-A429-006DE5775D0E}.Debug|Any CPU.ActiveCfg = Debug|Any CPU
		{01AE255E-570F-40B6-A429-006DE5775D0E}.Debug|Any CPU.Build.0 = Debug|Any CPU
		{01AE255E-570F-40B6-A429-006DE5775D0E}.Debug|x64.ActiveCfg = Debug|Any CPU
		{01AE255E-570F-40B6-A429-006DE5775D0E}.Debug|x64.Build.0 = Debug|Any CPU
		{01AE255E-570F-40B6-A429-006DE5775D0E}.Debug|x86.ActiveCfg = Debug|Any CPU
		{01AE255E-570F-40B6-A429-006DE5775D0E}.Debug|x86.Build.0 = Debug|Any CPU
		{01AE255E-570F-40B6-A429-006DE5775D0E}.Release|Any CPU.ActiveCfg = Release|Any CPU
		{01AE255E-570F-40B6-A429-006DE5775D0E}.Release|Any CPU.Build.0 = Release|Any CPU
		{01AE255E-570F-40B6-A429-006DE5775D0E}.Release|x64.ActiveCfg = Release|Any CPU
		{01AE255E-570F-40B6-A429-006DE5775D0E}.Release|x64.Build.0 = Release|Any CPU
		{01AE255E-570F-40B6-A429-006DE5775D0E}.Release|x86.ActiveCfg = Release|Any CPU
		{01AE255E-570F-40B6-A429-006DE5775D0E}.Release|x86.Build.0 = Release|Any CPU
		{FBBC6B1A-0AED-4702-B44B-6E7D3E10F0F5}.Debug|Any CPU.ActiveCfg = Debug|Any CPU
		{FBBC6B1A-0AED-4702-B44B-6E7D3E10F0F5}.Debug|Any CPU.Build.0 = Debug|Any CPU
		{FBBC6B1A-0AED-4702-B44B-6E7D3E10F0F5}.Debug|x64.ActiveCfg = Debug|Any CPU
		{FBBC6B1A-0AED-4702-B44B-6E7D3E10F0F5}.Debug|x64.Build.0 = Debug|Any CPU
		{FBBC6B1A-0AED-4702-B44B-6E7D3E10F0F5}.Debug|x86.ActiveCfg = Debug|Any CPU
		{FBBC6B1A-0AED-4702-B44B-6E7D3E10F0F5}.Debug|x86.Build.0 = Debug|Any CPU
		{FBBC6B1A-0AED-4702-B44B-6E7D3E10F0F5}.Release|Any CPU.ActiveCfg = Release|Any CPU
		{FBBC6B1A-0AED-4702-B44B-6E7D3E10F0F5}.Release|Any CPU.Build.0 = Release|Any CPU
		{FBBC6B1A-0AED-4702-B44B-6E7D3E10F0F5}.Release|x64.ActiveCfg = Release|Any CPU
		{FBBC6B1A-0AED-4702-B44B-6E7D3E10F0F5}.Release|x64.Build.0 = Release|Any CPU
		{FBBC6B1A-0AED-4702-B44B-6E7D3E10F0F5}.Release|x86.ActiveCfg = Release|Any CPU
		{FBBC6B1A-0AED-4702-B44B-6E7D3E10F0F5}.Release|x86.Build.0 = Release|Any CPU
		{692C7F42-8CEF-44BA-880D-843280A68A9E}.Debug|Any CPU.ActiveCfg = Debug|Any CPU
		{692C7F42-8CEF-44BA-880D-843280A68A9E}.Debug|Any CPU.Build.0 = Debug|Any CPU
		{692C7F42-8CEF-44BA-880D-843280A68A9E}.Debug|x64.ActiveCfg = Debug|Any CPU
		{692C7F42-8CEF-44BA-880D-843280A68A9E}.Debug|x64.Build.0 = Debug|Any CPU
		{692C7F42-8CEF-44BA-880D-843280A68A9E}.Debug|x86.ActiveCfg = Debug|Any CPU
		{692C7F42-8CEF-44BA-880D-843280A68A9E}.Debug|x86.Build.0 = Debug|Any CPU
		{692C7F42-8CEF-44BA-880D-843280A68A9E}.Release|Any CPU.ActiveCfg = Release|Any CPU
		{692C7F42-8CEF-44BA-880D-843280A68A9E}.Release|Any CPU.Build.0 = Release|Any CPU
		{692C7F42-8CEF-44BA-880D-843280A68A9E}.Release|x64.ActiveCfg = Release|Any CPU
		{692C7F42-8CEF-44BA-880D-843280A68A9E}.Release|x64.Build.0 = Release|Any CPU
		{692C7F42-8CEF-44BA-880D-843280A68A9E}.Release|x86.ActiveCfg = Release|Any CPU
		{692C7F42-8CEF-44BA-880D-843280A68A9E}.Release|x86.Build.0 = Release|Any CPU
		{C7E7053A-F0C7-4815-8860-48270256F455}.Debug|Any CPU.ActiveCfg = Debug|Any CPU
		{C7E7053A-F0C7-4815-8860-48270256F455}.Debug|Any CPU.Build.0 = Debug|Any CPU
		{C7E7053A-F0C7-4815-8860-48270256F455}.Debug|x64.ActiveCfg = Debug|Any CPU
		{C7E7053A-F0C7-4815-8860-48270256F455}.Debug|x64.Build.0 = Debug|Any CPU
		{C7E7053A-F0C7-4815-8860-48270256F455}.Debug|x86.ActiveCfg = Debug|Any CPU
		{C7E7053A-F0C7-4815-8860-48270256F455}.Debug|x86.Build.0 = Debug|Any CPU
		{C7E7053A-F0C7-4815-8860-48270256F455}.Release|Any CPU.ActiveCfg = Release|Any CPU
		{C7E7053A-F0C7-4815-8860-48270256F455}.Release|Any CPU.Build.0 = Release|Any CPU
		{C7E7053A-F0C7-4815-8860-48270256F455}.Release|x64.ActiveCfg = Release|Any CPU
		{C7E7053A-F0C7-4815-8860-48270256F455}.Release|x64.Build.0 = Release|Any CPU
		{C7E7053A-F0C7-4815-8860-48270256F455}.Release|x86.ActiveCfg = Release|Any CPU
		{C7E7053A-F0C7-4815-8860-48270256F455}.Release|x86.Build.0 = Release|Any CPU
		{C5F0E0CE-DF38-4759-926D-6CD605CE05AC}.Debug|Any CPU.ActiveCfg = Debug|Any CPU
		{C5F0E0CE-DF38-4759-926D-6CD605CE05AC}.Debug|Any CPU.Build.0 = Debug|Any CPU
		{C5F0E0CE-DF38-4759-926D-6CD605CE05AC}.Debug|x64.ActiveCfg = Debug|Any CPU
		{C5F0E0CE-DF38-4759-926D-6CD605CE05AC}.Debug|x64.Build.0 = Debug|Any CPU
		{C5F0E0CE-DF38-4759-926D-6CD605CE05AC}.Debug|x86.ActiveCfg = Debug|Any CPU
		{C5F0E0CE-DF38-4759-926D-6CD605CE05AC}.Debug|x86.Build.0 = Debug|Any CPU
		{C5F0E0CE-DF38-4759-926D-6CD605CE05AC}.Release|Any CPU.ActiveCfg = Release|Any CPU
		{C5F0E0CE-DF38-4759-926D-6CD605CE05AC}.Release|Any CPU.Build.0 = Release|Any CPU
		{C5F0E0CE-DF38-4759-926D-6CD605CE05AC}.Release|x64.ActiveCfg = Release|Any CPU
		{C5F0E0CE-DF38-4759-926D-6CD605CE05AC}.Release|x64.Build.0 = Release|Any CPU
		{C5F0E0CE-DF38-4759-926D-6CD605CE05AC}.Release|x86.ActiveCfg = Release|Any CPU
		{C5F0E0CE-DF38-4759-926D-6CD605CE05AC}.Release|x86.Build.0 = Release|Any CPU
	EndGlobalSection
	GlobalSection(SolutionProperties) = preSolution
		HideSolutionNode = FALSE
	EndGlobalSection
	GlobalSection(NestedProjects) = preSolution
		{AAEA0256-8EF0-470F-90CD-8A0960A5CAE2} = {F50A0A93-91AC-4735-AB16-11C2FEA31A00}
		{CE7C1CE5-A81C-4B98-9E6A-F776497514DE} = {AAEA0256-8EF0-470F-90CD-8A0960A5CAE2}
		{01AE255E-570F-40B6-A429-006DE5775D0E} = {AAEA0256-8EF0-470F-90CD-8A0960A5CAE2}
		{FBBC6B1A-0AED-4702-B44B-6E7D3E10F0F5} = {AAEA0256-8EF0-470F-90CD-8A0960A5CAE2}
		{692C7F42-8CEF-44BA-880D-843280A68A9E} = {AAEA0256-8EF0-470F-90CD-8A0960A5CAE2}
		{C7E7053A-F0C7-4815-8860-48270256F455} = {F50A0A93-91AC-4735-AB16-11C2FEA31A00}
		{C5F0E0CE-DF38-4759-926D-6CD605CE05AC} = {44BA7F4A-D745-4419-8B07-D1EDC23D50E7}
	EndGlobalSection
EndGlobal
